
Microsoft Visual Studio Solution File, Format Version 12.00
# Visual Studio Version 17
VisualStudioVersion = 17.9.34616.47
MinimumVisualStudioVersion = 10.0.40219.1
Project("{FAE04EC0-301F-11D3-BF4B-00C04F79EFBC}") = "Discord Stealer", "Discord-Stealer/Discord Stealer.csproj", "{DAE28139-A780-43AF-B851-6258F8753A11}"
EndProject
Global
	GlobalSection(SolutionConfigurationPlatforms) = preSolution
		Debug|Any CPU = Debug|Any CPU
		Release|Any CPU = Release|Any CPU
	EndGlobalSection
	GlobalSection(ProjectConfigurationPlatforms) = postSolution
		{DAE28139-A780-43AF-B851-6258F8753A11}.Debug|Any CPU.ActiveCfg = Debug|Any CPU
		{DAE28139-A780-43AF-B851-6258F8753A11}.Debug|Any CPU.Build.0 = Debug|Any CPU
		{DAE28139-A780-43AF-B851-6258F8753A11}.Release|Any CPU.ActiveCfg = Release|Any CPU
		{DAE28139-A780-43AF-B851-6258F8753A11}.Release|Any CPU.Build.0 = Release|Any CPU
	EndGlobalSection
	GlobalSection(SolutionProperties) = preSolution
		HideSolutionNode = FALSE
	EndGlobalSection
	GlobalSection(ExtensibilityGlobals) = postSolution
		SolutionGuid = {EE9803BB-EC1B-4612-AA1B-3807996BA5DD}
	EndGlobalSection
EndGlobal
